
Microsoft Visual Studio Solution File, Format Version 11.00
# Visual Basic Express 2010
Project("{F184B08F-C81C-45F6-A57F-5ABD9991F28F}") = "Matérias Perigosas", "Matérias Perigosas\Matérias Perigosas.vbproj", "{19F771CC-7F09-4A2D-A177-4A2E0EF34B1E}"
EndProject
Global
	GlobalSection(SolutionConfigurationPlatforms) = preSolution
		Debug|x86 = Debug|x86
		Release|x86 = Release|x86
	EndGlobalSection
	GlobalSection(ProjectConfigurationPlatforms) = postSolution
		{19F771CC-7F09-4A2D-A177-4A2E0EF34B1E}.Debug|x86.ActiveCfg = Debug|x86
		{19F771CC-7F09-4A2D-A177-4A2E0EF34B1E}.Debug|x86.Build.0 = Debug|x86
		{19F771CC-7F09-4A2D-A177-4A2E0EF34B1E}.Release|x86.ActiveCfg = Release|x86
		{19F771CC-7F09-4A2D-A177-4A2E0EF34B1E}.Release|x86.Build.0 = Release|x86
	EndGlobalSection
	GlobalSection(SolutionProperties) = preSolution
		HideSolutionNode = FALSE
	EndGlobalSection
EndGlobal
